
Microsoft Visual Studio Solution File, Format Version 12.00
# Visual Studio Version 16
VisualStudioVersion = 16.0.31112.23
MinimumVisualStudioVersion = 10.0.40219.1
Project("{FAE04EC0-301F-11D3-BF4B-00C04F79EFBC}") = "CurrencyConvertor", "CurrencyConvertor.csproj", "{4D617FDA-280E-49DC-B06F-2894F2E4BD03}"
EndProject
Global
	GlobalSection(SolutionConfigurationPlatforms) = preSolution
		Debug|Any CPU = Debug|Any CPU
		Release|Any CPU = Release|Any CPU
	EndGlobalSection
	GlobalSection(ProjectConfigurationPlatforms) = postSolution
		{4D617FDA-280E-49DC-B06F-2894F2E4BD03}.Debug|Any CPU.ActiveCfg = Debug|Any CPU
		{4D617FDA-280E-49DC-B06F-2894F2E4BD03}.Debug|Any CPU.Build.0 = Debug|Any CPU
		{4D617FDA-280E-49DC-B06F-2894F2E4BD03}.Release|Any CPU.ActiveCfg = Release|Any CPU
		{4D617FDA-280E-49DC-B06F-2894F2E4BD03}.Release|Any CPU.Build.0 = Release|Any CPU
	EndGlobalSection
	GlobalSection(SolutionProperties) = preSolution
		HideSolutionNode = FALSE
	EndGlobalSection
	GlobalSection(ExtensibilityGlobals) = postSolution
		SolutionGuid = {B77EB11B-9377-4C16-9B51-FE23B72C642F}
	EndGlobalSection
EndGlobal
